// See https://aka.ms/new-console-template for more information
using System;
using System.Collections.Generic;
/*question 1
Console.WriteLine("Welcome to PyClub KNUST");*/
//question 2
class Student
{
    public string firstName { get; set; }
    public string surName { get; set; }
    public string DateOfBirth { get; set; }
    public string Nationality { get; set; }
    public string cityMail { get; set; }
    public string streetAddress { get; set; }
    public string college { get; set; }
    public string programOfStudy { get; set; }
    public string ParentName { get; set; }
    public string ParentContact { get; set; }
    //building a constructor to initialize the Student object
    public Student(string firstName, string surName, string DateOfBirth, string Nationality,
        string cityMail, string streetAddress, string college, string programOfStudy, string ParentName, string ParentContact)
    {
        this.firstName = firstName;
        this.surName = surName;
        this.DateOfBirth = DateOfBirth;
        this.Nationality = Nationality;
        this.cityMail = cityMail;
        this.streetAddress = streetAddress;
        this.college = college;
        this.programOfStudy = programOfStudy;
        this.ParentName = ParentName;
        this.ParentContact = ParentContact;

    }
    //method to display the student information
    public void DisplayInfo()
    {
        Console.WriteLine("Student First Name: " + firstName);
        Console.WriteLine("Student SurName: " + surName);
        Console.WriteLine("Student Date of Birth: " + DateOfBirth);
        Console.WriteLine("Student Nationality: " + Nationality);
        Console.WriteLine("Student City Mail: " + cityMail);
        Console.WriteLine("Student Street Address: " + streetAddress);
        Console.WriteLine("Student College: " + college);
        Console.WriteLine("Student Program of Study: " + programOfStudy);
        Console.WriteLine("Parent Name: " + ParentName);
        Console.WriteLine("Parent Contact: " + ParentContact);

    }
}

class Program
    {
        static void Main()
    {//creating a list to store the students information
        List<Student> students = new List<Student>();
            while (true)
            {
                Console.WriteLine("Enter Student First Name");
                string firstName = Console.ReadLine();
                Console.WriteLine("Enter Student SurName");
                string surName = Console.ReadLine();
                Console.WriteLine("Enter Student Date of Birth");
                string DateOfBirth = Console.ReadLine();
                Console.WriteLine("Enter Student Nationality");
                string Nationality = Console.ReadLine();
                Console.WriteLine("Enter Student City Mail");
                string cityMail = Console.ReadLine();
                Console.WriteLine("Enter Student Street Address");
                string streetAddress = Console.ReadLine();
                Console.WriteLine("Enter Student College");
                string college = Console.ReadLine();
                Console.WriteLine("Enter Student Program of Study");
                string programOfStudy = Console.ReadLine();
                Console.WriteLine("Enter Parent Name");
                string ParentName = Console.ReadLine();
                Console.WriteLine("Enter Parent Contact");
                string ParentContact = Console.ReadLine();
            //creating a new student object
            Student student = new Student(firstName, surName, DateOfBirth, Nationality, cityMail,
                    streetAddress, college, programOfStudy, ParentName, ParentContact);
            //logic for adding the student object to the students list
            students.Add(student);
                Console.WriteLine("Do you want to add another student? (yes/no)");
                string response = Console.ReadLine();
                if(response.ToLower() == "no")
            {
                    break;
                }
                else if(response.ToLower() == "yes")
            {
                    continue;
                }
                else
            {
                    Console.WriteLine("Invalid response");
                }



        }//the list increases by one student after each iteration

        //displaying the details of all students in the list
        Console.WriteLine("\nStudents' information: ");
        foreach (Student student in students)
        {
            student.DisplayInfo();
        }

    }
    }

