// See https://aka.ms/new-console-template for more information
using System;
using System.Collections.Generic;
//calculator
namespace Calculator
{
    class Program
    {
        static void Main(string[] args)
        {
            Console.WriteLine("Welcome to my calculator!");
            Console.WriteLine("Enter your first number:");
            //obtaining first number from the user
            double num1 = Convert.ToDouble(Console.ReadLine());
            Console.WriteLine("Enter the operator:");
            //obtaining operator from the user
            string op = Console.ReadLine();
            Console.WriteLine("Enter the second number:");
            double num2 = Convert.ToDouble(Console.ReadLine());
            //logic for addition, subtraction, multiplication , division and modulus
            if (op == "+")
            {
                Console.WriteLine( "Result:"+num1 + num2);
            }
            else if (op == "-")
            {
                Console.WriteLine("Result:"+(num1 - num2));
            }
            else if (op == "*")
            {
                Console.WriteLine("Result:" +num1 * num2);
            }
            else if (op == "/")
            {
                Console.WriteLine("\nResult: "+num1 / num2);
            }
            else if(op == "%")
            {
                Console.WriteLine("\nResult:"+num1 % num2);
            }
            else
            {
                //handling invalid operator input from the user
                Console.WriteLine("Invalid operator");
            }
        }
    }
}
